
Microsoft Visual Studio Solution File, Format Version 12.00
# Visual Studio 14
VisualStudioVersion = 14.0.25123.0
MinimumVisualStudioVersion = 10.0.40219.1
Project("{FAE04EC0-301F-11D3-BF4B-00C04F79EFBC}") = "RightTextBoxForWpfApplication", "RightTextBoxForWpfApplication\RightTextBoxForWpfApplication.csproj", "{B02980D2-D728-4E98-A33A-997238C38284}"
EndProject
Project("{FAE04EC0-301F-11D3-BF4B-00C04F79EFBC}") = "WindowsFormsControlLibraryForRichTextbox", "WindowsFormsControlLibraryForRichTextbox\WindowsFormsControlLibraryForRichTextbox.csproj", "{9A7A95CF-C156-4E25-AED4-E42C8CCECEDB}"
EndProject
Global
	GlobalSection(SolutionConfigurationPlatforms) = preSolution
		Debug|Any CPU = Debug|Any CPU
		Release|Any CPU = Release|Any CPU
	EndGlobalSection
	GlobalSection(ProjectConfigurationPlatforms) = postSolution
		{B02980D2-D728-4E98-A33A-997238C38284}.Debug|Any CPU.ActiveCfg = Debug|Any CPU
		{B02980D2-D728-4E98-A33A-997238C38284}.Debug|Any CPU.Build.0 = Debug|Any CPU
		{B02980D2-D728-4E98-A33A-997238C38284}.Release|Any CPU.ActiveCfg = Release|Any CPU
		{B02980D2-D728-4E98-A33A-997238C38284}.Release|Any CPU.Build.0 = Release|Any CPU
		{9A7A95CF-C156-4E25-AED4-E42C8CCECEDB}.Debug|Any CPU.ActiveCfg = Debug|Any CPU
		{9A7A95CF-C156-4E25-AED4-E42C8CCECEDB}.Debug|Any CPU.Build.0 = Debug|Any CPU
		{9A7A95CF-C156-4E25-AED4-E42C8CCECEDB}.Release|Any CPU.ActiveCfg = Release|Any CPU
		{9A7A95CF-C156-4E25-AED4-E42C8CCECEDB}.Release|Any CPU.Build.0 = Release|Any CPU
	EndGlobalSection
	GlobalSection(SolutionProperties) = preSolution
		HideSolutionNode = FALSE
	EndGlobalSection
EndGlobal
